
Microsoft Visual Studio Solution File, Format Version 12.00
# Visual Studio Version 16
VisualStudioVersion = 16.0.30503.244
MinimumVisualStudioVersion = 10.0.40219.1
Project("{FAE04EC0-301F-11D3-BF4B-00C04F79EFBC}") = "MiController", "MiController\MiController.csproj", "{AA86CCD2-39BC-4CEC-8E9C-29E3AB9E1C24}"
EndProject
Global
	GlobalSection(SolutionConfigurationPlatforms) = preSolution
		Debug|x64 = Debug|x64
		Release|x64 = Release|x64
	EndGlobalSection
	GlobalSection(ProjectConfigurationPlatforms) = postSolution
		{AA86CCD2-39BC-4CEC-8E9C-29E3AB9E1C24}.Debug|x64.ActiveCfg = Debug|Any CPU
		{AA86CCD2-39BC-4CEC-8E9C-29E3AB9E1C24}.Debug|x64.Build.0 = Debug|Any CPU
		{AA86CCD2-39BC-4CEC-8E9C-29E3AB9E1C24}.Release|x64.ActiveCfg = Release|Any CPU
		{AA86CCD2-39BC-4CEC-8E9C-29E3AB9E1C24}.Release|x64.Build.0 = Release|Any CPU
	EndGlobalSection
	GlobalSection(SolutionProperties) = preSolution
		HideSolutionNode = FALSE
	EndGlobalSection
	GlobalSection(ExtensibilityGlobals) = postSolution
		SolutionGuid = {489CDE69-4008-4F22-8912-521BDBEF0DC6}
	EndGlobalSection
EndGlobal
